
Microsoft Visual Studio Solution File, Format Version 12.00
# Visual Studio Version 17
VisualStudioVersion = 17.5.002.0
MinimumVisualStudioVersion = 10.0.40219.1
Project("{9A19103F-16F7-4668-BE54-9A1E7A4F7556}") = "server", "server.csproj", "{4B22B065-526D-4851-8E1B-CD2B00387EA9}"
EndProject
Global
	GlobalSection(SolutionConfigurationPlatforms) = preSolution
		Debug|Any CPU = Debug|Any CPU
		Release|Any CPU = Release|Any CPU
	EndGlobalSection
	GlobalSection(ProjectConfigurationPlatforms) = postSolution
		{4B22B065-526D-4851-8E1B-CD2B00387EA9}.Debug|Any CPU.ActiveCfg = Debug|Any CPU
		{4B22B065-526D-4851-8E1B-CD2B00387EA9}.Debug|Any CPU.Build.0 = Debug|Any CPU
		{4B22B065-526D-4851-8E1B-CD2B00387EA9}.Release|Any CPU.ActiveCfg = Release|Any CPU
		{4B22B065-526D-4851-8E1B-CD2B00387EA9}.Release|Any CPU.Build.0 = Release|Any CPU
	EndGlobalSection
	GlobalSection(SolutionProperties) = preSolution
		HideSolutionNode = FALSE
	EndGlobalSection
	GlobalSection(ExtensibilityGlobals) = postSolution
		SolutionGuid = {C8BD9C91-AE5F-427A-80AF-003A8423CB82}
	EndGlobalSection
EndGlobal
